
Microsoft Visual Studio Solution File, Format Version 12.00
# Visual Studio Version 17
VisualStudioVersion = 17.8.34330.188
MinimumVisualStudioVersion = 10.0.40219.1
Project("{FAE04EC0-301F-11D3-BF4B-00C04F79EFBC}") = "TODO_API", "TODO_API\TODO_API.csproj", "{37C91A6A-F88D-429F-8232-CA00FB7B9023}"
EndProject
Global
	GlobalSection(SolutionConfigurationPlatforms) = preSolution
		Debug|Any CPU = Debug|Any CPU
		Release|Any CPU = Release|Any CPU
	EndGlobalSection
	GlobalSection(ProjectConfigurationPlatforms) = postSolution
		{37C91A6A-F88D-429F-8232-CA00FB7B9023}.Debug|Any CPU.ActiveCfg = Debug|Any CPU
		{37C91A6A-F88D-429F-8232-CA00FB7B9023}.Debug|Any CPU.Build.0 = Debug|Any CPU
		{37C91A6A-F88D-429F-8232-CA00FB7B9023}.Release|Any CPU.ActiveCfg = Release|Any CPU
		{37C91A6A-F88D-429F-8232-CA00FB7B9023}.Release|Any CPU.Build.0 = Release|Any CPU
	EndGlobalSection
	GlobalSection(SolutionProperties) = preSolution
		HideSolutionNode = FALSE
	EndGlobalSection
	GlobalSection(ExtensibilityGlobals) = postSolution
		SolutionGuid = {68A8D69A-A7B8-4BD2-A758-81260EDE51A9}
	EndGlobalSection
EndGlobal
